{
  "name": "user-authentication-service",
  "version": "1.0.0",
  "lockfileVersion": 1,
  "dependencies": {
    "request-response": {
      "version": "0.1.2",
      "resolved": "https://registry.npmjs.org/request-response/-/request-response-0.1.2.tgz",
      "integrity": "sha1-jp7YdmBhU8MlyyEwaxxbvA5j6kY="
    }
  }
}
